// !$*UTF8*$!
{
	archiveVersion = 1;
	classes = {
	};
	objectVersion = 46;
	objects = {

/* Begin PBXBuildFile section */
		D18642F11BD6D3E500659C57 /* AppDelegate.swift in Sources */ = {isa = PBXBuildFile; fileRef = D18642F01BD6D3E500659C57 /* AppDelegate.swift */; };
		D18642F31BD6D3E500659C57 /* ViewController.swift in Sources */ = {isa = PBXBuildFile; fileRef = D18642F21BD6D3E500659C57 /* ViewController.swift */; };
		D18642F61BD6D3E500659C57 /* Main.storyboard in Resources */ = {isa = PBXBuildFile; fileRef = D18642F41BD6D3E500659C57 /* Main.storyboard */; };
		D18642F81BD6D3E500659C57 /* Assets.xcassets in Resources */ = {isa = PBXBuildFile; fileRef = D18642F71BD6D3E500659C57 /* Assets.xcassets */; };
		D18642FB1BD6D3E500659C57 /* LaunchScreen.storyboard in Resources */ = {isa = PBXBuildFile; fileRef = D18642F91BD6D3E500659C57 /* LaunchScreen.storyboard */; };
		D18643061BD6D3E600659C57 /* mySuperMonsterTests.swift in Sources */ = {isa = PBXBuildFile; fileRef = D18643051BD6D3E600659C57 /* mySuperMonsterTests.swift */; };
		D18643111BD6D3E600659C57 /* mySuperMonsterUITests.swift in Sources */ = {isa = PBXBuildFile; fileRef = D18643101BD6D3E600659C57 /* mySuperMonsterUITests.swift */; };
/* End PBXBuildFile section */

/* Begin PBXContainerItemProxy section */
		D18643021BD6D3E600659C57 /* PBXContainerItemProxy */ = {
			isa = PBXContainerItemProxy;
			containerPortal = D18642E51BD6D3E500659C57 /* Project object */;
			proxyType = 1;
			remoteGlobalIDString = D18642EC1BD6D3E500659C57;
			remoteInfo = mySuperMonster;
		};
		D186430D1BD6D3E600659C57 /* PBXContainerItemProxy */ = {
			isa = PBXContainerItemProxy;
			containerPortal = D18642E51BD6D3E500659C57 /* Project object */;
			proxyType = 1;
			remoteGlobalIDString = D18642EC1BD6D3E500659C57;
			remoteInfo = mySuperMonster;
		};
/* End PBXContainerItemProxy section */

/* Begin PBXFileReference section */
		D18642ED1BD6D3E500659C57 /* mySuperMonster.app */ = {isa = PBXFileReference; explicitFileType = wrapper.application; includeInIndex = 0; path = mySuperMonster.app; sourceTree = BUILT_PRODUCTS_DIR; };
		D18642F01BD6D3E500659C57 /* AppDelegate.swift */ = {isa = PBXFileReference; lastKnownFileType = sourcecode.swift; path = AppDelegate.swift; sourceTree = "<group>"; };
		D18642F21BD6D3E500659C57 /* ViewController.swift */ = {isa = PBXFileReference; lastKnownFileType = sourcecode.swift; path = ViewController.swift; sourceTree = "<group>"; };
		D18642F51BD6D3E500659C57 /* Base */ = {isa = PBXFileReference; lastKnownFileType = file.storyboard; name = Base; path = Base.lproj/Main.storyboard; sourceTree = "<group>"; };
		D18642F71BD6D3E500659C57 /* Assets.xcassets */ = {isa = PBXFileReference; lastKnownFileType = folder.assetcatalog; path = Assets.xcassets; sourceTree = "<group>"; };
		D18642FA1BD6D3E500659C57 /* Base */ = {isa = PBXFileReference; lastKnownFileType = file.storyboard; name = Base; path = Base.lproj/LaunchScreen.storyboard; sourceTree = "<group>"; };
		D18642FC1BD6D3E500659C57 /* Info.plist */ = {isa = PBXFileReference; lastKnownFileType = text.plist.xml; path = Info.plist; sourceTree = "<group>"; };
		D18643011BD6D3E600659C57 /* mySuperMonsterTests.xctest */ = {isa = PBXFileReference; explicitFileType = wrapper.cfbundle; includeInIndex = 0; path = mySuperMonsterTests.xctest; sourceTree = BUILT_PRODUCTS_DIR; };
		D18643051BD6D3E600659C57 /* mySuperMonsterTests.swift */ = {isa = PBXFileReference; lastKnownFileType = sourcecode.swift; path = mySuperMonsterTests.swift; sourceTree = "<group>"; };
		D18643071BD6D3E600659C57 /* Info.plist */ = {isa = PBXFileReference; lastKnownFileType = text.plist.xml; path = Info.plist; sourceTree = "<group>"; };
		D186430C1BD6D3E600659C57 /* mySuperMonsterUITests.xctest */ = {isa = PBXFileReference; explicitFileType = wrapper.cfbundle; includeInIndex = 0; path = mySuperMonsterUITests.xctest; sourceTree = BUILT_PRODUCTS_DIR; };
		D18643101BD6D3E600659C57 /* mySuperMonsterUITests.swift */ = {isa = PBXFileReference; lastKnownFileType = sourcecode.swift; path = mySuperMonsterUITests.swift; sourceTree = "<group>"; };
		D18643121BD6D3E600659C57 /* Info.plist */ = {isa = PBXFileReference; lastKnownFileType = text.plist.xml; path = Info.plist; sourceTree = "<group>"; };
/* End PBXFileReference section */

/* Begin PBXFrameworksBuildPhase section */
		D18642EA1BD6D3E500659C57 /* Frameworks */ = {
			isa = PBXFrameworksBuildPhase;
			buildActionMask = 2147483647;
			files = (
			);
			runOnlyForDeploymentPostprocessing = 0;
		};
		D18642FE1BD6D3E600659C57 /* Frameworks */ = {
			isa = PBXFrameworksBuildPhase;
			buildActionMask = 2147483647;
			files = (
			);
			runOnlyForDeploymentPostprocessing = 0;
		};
		D18643091BD6D3E600659C57 /* Frameworks */ = {
			isa = PBXFrameworksBuildPhase;
			buildActionMask = 2147483647;
			files = (
			);
			runOnlyForDeploymentPostprocessing = 0;
		};
/* End PBXFrameworksBuildPhase section */

/* Begin PBXGroup section */
		D18642E41BD6D3E500659C57 = {
			isa = PBXGroup;
			children = (
				D18642EF1BD6D3E500659C57 /* mySuperMonster */,
				D18643041BD6D3E600659C57 /* mySuperMonsterTests */,
				D186430F1BD6D3E600659C57 /* mySuperMonsterUITests */,
				D18642EE1BD6D3E500659C57 /* Products */,
			);
			sourceTree = "<group>";
		};
		D18642EE1BD6D3E500659C57 /* Products */ = {
			isa = PBXGroup;
			children = (
				D18642ED1BD6D3E500659C57 /* mySuperMonster.app */,
				D18643011BD6D3E600659C57 /* mySuperMonsterTests.xctest */,
				D186430C1BD6D3E600659C57 /* mySuperMonsterUITests.xctest */,
			);
			name = Products;
			sourceTree = "<group>";
		};
		D18642EF1BD6D3E500659C57 /* mySuperMonster */ = {
			isa = PBXGroup;
			children = (
				D18642F01BD6D3E500659C57 /* AppDelegate.swift */,
				D18642F21BD6D3E500659C57 /* ViewController.swift */,
				D18642F41BD6D3E500659C57 /* Main.storyboard */,
				D18642F71BD6D3E500659C57 /* Assets.xcassets */,
				D18642F91BD6D3E500659C57 /* LaunchScreen.storyboard */,
				D18642FC1BD6D3E500659C57 /* Info.plist */,
			);
			path = mySuperMonster;
			sourceTree = "<group>";
		};
		D18643041BD6D3E600659C57 /* mySuperMonsterTests */ = {
			isa = PBXGroup;
			children = (
				D18643051BD6D3E600659C57 /* mySuperMonsterTests.swift */,
				D18643071BD6D3E600659C57 /* Info.plist */,
			);
			path = mySuperMonsterTests;
			sourceTree = "<group>";
		};
		D186430F1BD6D3E600659C57 /* mySuperMonsterUITests */ = {
			isa = PBXGroup;
			children = (
				D18643101BD6D3E600659C57 /* mySuperMonsterUITests.swift */,
				D18643121BD6D3E600659C57 /* Info.plist */,
			);
			path = mySuperMonsterUITests;
			sourceTree = "<group>";
		};
/* End PBXGroup section */

/* Begin PBXNativeTarget section */
		D18642EC1BD6D3E500659C57 /* mySuperMonster */ = {
			isa = PBXNativeTarget;
			buildConfigurationList = D18643151BD6D3E600659C57 /* Build configuration list for PBXNativeTarget "mySuperMonster" */;
			buildPhases = (
				D18642E91BD6D3E500659C57 /* Sources */,
				D18642EA1BD6D3E500659C57 /* Frameworks */,
				D18642EB1BD6D3E500659C57 /* Resources */,
			);
			buildRules = (
			);
			dependencies = (
			);
			name = mySuperMonster;
			productName = mySuperMonster;
			productReference = D18642ED1BD6D3E500659C57 /* mySuperMonster.app */;
			productType = "com.apple.product-type.application";
		};
		D18643001BD6D3E600659C57 /* mySuperMonsterTests */ = {
			isa = PBXNativeTarget;
			buildConfigurationList = D18643181BD6D3E600659C57 /* Build configuration list for PBXNativeTarget "mySuperMonsterTests" */;
			buildPhases = (
				D18642FD1BD6D3E600659C57 /* Sources */,
				D18642FE1BD6D3E600659C57 /* Frameworks */,
				D18642FF1BD6D3E600659C57 /* Resources */,
			);
			buildRules = (
			);
			dependencies = (
				D18643031BD6D3E600659C57 /* PBXTargetDependency */,
			);
			name = mySuperMonsterTests;
			productName = mySuperMonsterTests;
			productReference = D18643011BD6D3E600659C57 /* mySuperMonsterTests.xctest */;
			productType = "com.apple.product-type.bundle.unit-test";
		};
		D186430B1BD6D3E600659C57 /* mySuperMonsterUITests */ = {
			isa = PBXNativeTarget;
			buildConfigurationList = D186431B1BD6D3E600659C57 /* Build configuration list for PBXNativeTarget "mySuperMonsterUITests" */;
			buildPhases = (
				D18643081BD6D3E600659C57 /* Sources */,
				D18643091BD6D3E600659C57 /* Frameworks */,
				D186430A1BD6D3E600659C57 /* Resources */,
			);
			buildRules = (
			);
			dependencies = (
				D186430E1BD6D3E600659C57 /* PBXTargetDependency */,
			);
			name = mySuperMonsterUITests;
			productName = mySuperMonsterUITests;
			productReference = D186430C1BD6D3E600659C57 /* mySuperMonsterUITests.xctest */;
			productType = "com.apple.product-type.bundle.ui-testing";
		};
/* End PBXNativeTarget section */

/* Begin PBXProject section */
		D18642E51BD6D3E500659C57 /* Project object */ = {
			isa = PBXProject;
			attributes = {
				LastUpgradeCheck = 0700;
				ORGANIZATIONNAME = "LarryNguyen Macbook Pro";
				TargetAttributes = {
					D18642EC1BD6D3E500659C57 = {
						CreatedOnToolsVersion = 7.0.1;
					};
					D18643001BD6D3E600659C57 = {
						CreatedOnToolsVersion = 7.0.1;
						TestTargetID = D18642EC1BD6D3E500659C57;
					};
					D186430B1BD6D3E600659C57 = {
						CreatedOnToolsVersion = 7.0.1;
						TestTargetID = D18642EC1BD6D3E500659C57;
					};
				};
			};
			buildConfigurationList = D18642E81BD6D3E500659C57 /* Build configuration list for PBXProject "mySuperMonster" */;
			compatibilityVersion = "Xcode 3.2";
			developmentRegion = English;
			hasScannedForEncodings = 0;
			knownRegions = (
				en,
				Base,
			);
			mainGroup = D18642E41BD6D3E500659C57;
			productRefGroup = D18642EE1BD6D3E500659C57 /* Products */;
			projectDirPath = "";
			projectRoot = "";
			targets = (
				D18642EC1BD6D3E500659C57 /* mySuperMonster */,
				D18643001BD6D3E600659C57 /* mySuperMonsterTests */,
				D186430B1BD6D3E600659C57 /* mySuperMonsterUITests */,
			);
		};
/* End PBXProject section */

/* Begin PBXResourcesBuildPhase section */
		D18642EB1BD6D3E500659C57 /* Resources */ = {
			isa = PBXResourcesBuildPhase;
			buildActionMask = 2147483647;
			files = (
				D18642FB1BD6D3E500659C57 /* LaunchScreen.storyboard in Resources */,
				D18642F81BD6D3E500659C57 /* Assets.xcassets in Resources */,
				D18642F61BD6D3E500659C57 /* Main.storyboard in Resources */,
			);
			runOnlyForDeploymentPostprocessing = 0;
		};
		D18642FF1BD6D3E600659C57 /* Resources */ = {
			isa = PBXResourcesBuildPhase;
			buildActionMask = 2147483647;
			files = (
			);
			runOnlyForDeploymentPostprocessing = 0;
		};
		D186430A1BD6D3E600659C57 /* Resources */ = {
			isa = PBXResourcesBuildPhase;
			buildActionMask = 2147483647;
			files = (
			);
			runOnlyForDeploymentPostprocessing = 0;
		};
/* End PBXResourcesBuildPhase section */

/* Begin PBXSourcesBuildPhase section */
		D18642E91BD6D3E500659C57 /* Sources */ = {
			isa = PBXSourcesBuildPhase;
			buildActionMask = 2147483647;
			files = (
				D18642F31BD6D3E500659C57 /* ViewController.swift in Sources */,
				D18642F11BD6D3E500659C57 /* AppDelegate.swift in Sources */,
			);
			runOnlyForDeploymentPostprocessing = 0;
		};
		D18642FD1BD6D3E600659C57 /* Sources */ = {
			isa = PBXSourcesBuildPhase;
			buildActionMask = 2147483647;
			files = (
				D18643061BD6D3E600659C57 /* mySuperMonsterTests.swift in Sources */,
			);
			runOnlyForDeploymentPostprocessing = 0;
		};
		D18643081BD6D3E600659C57 /* Sources */ = {
			isa = PBXSourcesBuildPhase;
			buildActionMask = 2147483647;
			files = (
				D18643111BD6D3E600659C57 /* mySuperMonsterUITests.swift in Sources */,
			);
			runOnlyForDeploymentPostprocessing = 0;
		};
/* End PBXSourcesBuildPhase section */

/* Begin PBXTargetDependency section */
		D18643031BD6D3E600659C57 /* PBXTargetDependency */ = {
			isa = PBXTargetDependency;
			target = D18642EC1BD6D3E500659C57 /* mySuperMonster */;
			targetProxy = D18643021BD6D3E600659C57 /* PBXContainerItemProxy */;
		};
		D186430E1BD6D3E600659C57 /* PBXTargetDependency */ = {
			isa = PBXTargetDependency;
			target = D18642EC1BD6D3E500659C57 /* mySuperMonster */;
			targetProxy = D186430D1BD6D3E600659C57 /* PBXContainerItemProxy */;
		};
/* End PBXTargetDependency section */

/* Begin PBXVariantGroup section */
		D18642F41BD6D3E500659C57 /* Main.storyboard */ = {
			isa = PBXVariantGroup;
			children = (
				D18642F51BD6D3E500659C57 /* Base */,
			);
			name = Main.storyboard;
			sourceTree = "<group>";
		};
		D18642F91BD6D3E500659C57 /* LaunchScreen.storyboard */ = {
			isa = PBXVariantGroup;
			children = (
				D18642FA1BD6D3E500659C57 /* Base */,
			);
			name = LaunchScreen.storyboard;
			sourceTree = "<group>";
		};
/* End PBXVariantGroup section */

/* Begin XCBuildConfiguration section */
		D18643131BD6D3E600659C57 /* Debug */ = {
			isa = XCBuildConfiguration;
			buildSettings = {
				ALWAYS_SEARCH_USER_PATHS = NO;
				CLANG_CXX_LANGUAGE_STANDARD = "gnu++0x";
				CLANG_CXX_LIBRARY = "libc++";
				CLANG_ENABLE_MODULES = YES;
				CLANG_ENABLE_OBJC_ARC = YES;
				CLANG_WARN_BOOL_CONVERSION = YES;
				CLANG_WARN_CONSTANT_CONVERSION = YES;
				CLANG_WARN_DIRECT_OBJC_ISA_USAGE = YES_ERROR;
				CLANG_WARN_EMPTY_BODY = YES;
				CLANG_WARN_ENUM_CONVERSION = YES;
				CLANG_WARN_INT_CONVERSION = YES;
				CLANG_WARN_OBJC_ROOT_CLASS = YES_ERROR;
				CLANG_WARN_UNREACHABLE_CODE = YES;
				CLANG_WARN__DUPLICATE_METHOD_MATCH = YES;
				"CODE_SIGN_IDENTITY[sdk=iphoneos*]" = "iPhone Developer";
				COPY_PHASE_STRIP = NO;
				DEBUG_INFORMATION_FORMAT = dwarf;
				ENABLE_STRICT_OBJC_MSGSEND = YES;
				ENABLE_TESTABILITY = YES;
				GCC_C_LANGUAGE_STANDARD = gnu99;
				GCC_DYNAMIC_NO_PIC = NO;
				GCC_NO_COMMON_BLOCKS = YES;
				GCC_OPTIMIZATION_LEVEL = 0;
				GCC_PREPROCESSOR_DEFINITIONS = (
					"DEBUG=1",
					"$(inherited)",
				);
				GCC_WARN_64_TO_32_BIT_CONVERSION = YES;
				GCC_WARN_ABOUT_RETURN_TYPE = YES_ERROR;
				GCC_WARN_UNDECLARED_SELECTOR = YES;
				GCC_WARN_UNINITIALIZED_AUTOS = YES_AGGRESSIVE;
				GCC_WARN_UNUSED_FUNCTION = YES;
				GCC_WARN_UNUSED_VARIABLE = YES;
				IPHONEOS_DEPLOYMENT_TARGET = 9.0;
				MTL_ENABLE_DEBUG_INFO = YES;
				ONLY_ACTIVE_ARCH = YES;
				SDKROOT = iphoneos;
				SWIFT_OPTIMIZATION_LEVEL = "-Onone";
			};
			name = Debug;
		};
		D18643141BD6D3E600659C57 /* Release */ = {
			isa = XCBuildConfiguration;
			buildSettings = {
				ALWAYS_SEARCH_USER_PATHS = NO;
				CLANG_CXX_LANGUAGE_STANDARD = "gnu++0x";
				CLANG_CXX_LIBRARY = "libc++";
				CLANG_ENABLE_MODULES = YES;
				CLANG_ENABLE_OBJC_ARC = YES;
				CLANG_WARN_BOOL_CONVERSION = YES;
				CLANG_WARN_CONSTANT_CONVERSION = YES;
				CLANG_WARN_DIRECT_OBJC_ISA_USAGE = YES_ERROR;
				CLANG_WARN_EMPTY_BODY = YES;
				CLANG_WARN_ENUM_CONVERSION = YES;
				CLANG_WARN_INT_CONVERSION = YES;
				CLANG_WARN_OBJC_ROOT_CLASS = YES_ERROR;
				CLANG_WARN_UNREACHABLE_CODE = YES;
				CLANG_WARN__DUPLICATE_METHOD_MATCH = YES;
				"CODE_SIGN_IDENTITY[sdk=iphoneos*]" = "iPhone Developer";
				COPY_PHASE_STRIP = NO;
				DEBUG_INFORMATION_FORMAT = "dwarf-with-dsym";
				ENABLE_NS_ASSERTIONS = NO;
				ENABLE_STRICT_OBJC_MSGSEND = YES;
				GCC_C_LANGUAGE_STANDARD = gnu99;
				GCC_NO_COMMON_BLOCKS = YES;
				GCC_WARN_64_TO_32_BIT_CONVERSION = YES;
				GCC_WARN_ABOUT_RETURN_TYPE = YES_ERROR;
				GCC_WARN_UNDECLARED_SELECTOR = YES;
				GCC_WARN_UNINITIALIZED_AUTOS = YES_AGGRESSIVE;
				GCC_WARN_UNUSED_FUNCTION = YES;
				GCC_WARN_UNUSED_VARIABLE = YES;
				IPHONEOS_DEPLOYMENT_TARGET = 9.0;
				MTL_ENABLE_DEBUG_INFO = NO;
				SDKROOT = iphoneos;
				VALIDATE_PRODUCT = YES;
			};
			name = Release;
		};
		D18643161BD6D3E600659C57 /* Debug */ = {
			isa = XCBuildConfiguration;
			buildSettings = {
				ASSETCATALOG_COMPILER_APPICON_NAME = AppIcon;
				INFOPLIST_FILE = mySuperMonster/Info.plist;
				LD_RUNPATH_SEARCH_PATHS = "$(inherited) @executable_path/Frameworks";
				PRODUCT_BUNDLE_IDENTIFIER = sexee.mySuperMonster;
				PRODUCT_NAME = "$(TARGET_NAME)";
			};
			name = Debug;
		};
		D18643171BD6D3E600659C57 /* Release */ = {
			isa = XCBuildConfiguration;
			buildSettings = {
				ASSETCATALOG_COMPILER_APPICON_NAME = AppIcon;
				INFOPLIST_FILE = mySuperMonster/Info.plist;
				LD_RUNPATH_SEARCH_PATHS = "$(inherited) @executable_path/Frameworks";
				PRODUCT_BUNDLE_IDENTIFIER = sexee.mySuperMonster;
				PRODUCT_NAME = "$(TARGET_NAME)";
			};
			name = Release;
		};
		D18643191BD6D3E600659C57 /* Debug */ = {
			isa = XCBuildConfiguration;
			buildSettings = {
				BUNDLE_LOADER = "$(TEST_HOST)";
				INFOPLIST_FILE = mySuperMonsterTests/Info.plist;
				LD_RUNPATH_SEARCH_PATHS = "$(inherited) @executable_path/Frameworks @loader_path/Frameworks";
				PRODUCT_BUNDLE_IDENTIFIER = sexee.mySuperMonsterTests;
				PRODUCT_NAME = "$(TARGET_NAME)";
				TEST_HOST = "$(BUILT_PRODUCTS_DIR)/mySuperMonster.app/mySuperMonster";
			};
			name = Debug;
		};
		D186431A1BD6D3E600659C57 /* Release */ = {
			isa = XCBuildConfiguration;
			buildSettings = {
				BUNDLE_LOADER = "$(TEST_HOST)";
				INFOPLIST_FILE = mySuperMonsterTests/Info.plist;
				LD_RUNPATH_SEARCH_PATHS = "$(inherited) @executable_path/Frameworks @loader_path/Frameworks";
				PRODUCT_BUNDLE_IDENTIFIER = sexee.mySuperMonsterTests;
				PRODUCT_NAME = "$(TARGET_NAME)";
				TEST_HOST = "$(BUILT_PRODUCTS_DIR)/mySuperMonster.app/mySuperMonster";
			};
			name = Release;
		};
		D186431C1BD6D3E600659C57 /* Debug */ = {
			isa = XCBuildConfiguration;
			buildSettings = {
				INFOPLIST_FILE = mySuperMonsterUITests/Info.plist;
				LD_RUNPATH_SEARCH_PATHS = "$(inherited) @executable_path/Frameworks @loader_path/Frameworks";
				PRODUCT_BUNDLE_IDENTIFIER = sexee.mySuperMonsterUITests;
				PRODUCT_NAME = "$(TARGET_NAME)";
				TEST_TARGET_NAME = mySuperMonster;
				USES_XCTRUNNER = YES;
			};
			name = Debug;
		};
		D186431D1BD6D3E600659C57 /* Release */ = {
			isa = XCBuildConfiguration;
			buildSettings = {
				INFOPLIST_FILE = mySuperMonsterUITests/Info.plist;
				LD_RUNPATH_SEARCH_PATHS = "$(inherited) @executable_path/Frameworks @loader_path/Frameworks";
				PRODUCT_BUNDLE_IDENTIFIER = sexee.mySuperMonsterUITests;
				PRODUCT_NAME = "$(TARGET_NAME)";
				TEST_TARGET_NAME = mySuperMonster;
				USES_XCTRUNNER = YES;
			};
			name = Release;
		};
/* End XCBuildConfiguration section */

/* Begin XCConfigurationList section */
		D18642E81BD6D3E500659C57 /* Build configuration list for PBXProject "mySuperMonster" */ = {
			isa = XCConfigurationList;
			buildConfigurations = (
				D18643131BD6D3E600659C57 /* Debug */,
				D18643141BD6D3E600659C57 /* Release */,
			);
			defaultConfigurationIsVisible = 0;
			defaultConfigurationName = Release;
		};
		D18643151BD6D3E600659C57 /* Build configuration list for PBXNativeTarget "mySuperMonster" */ = {
			isa = XCConfigurationList;
			buildConfigurations = (
				D18643161BD6D3E600659C57 /* Debug */,
				D18643171BD6D3E600659C57 /* Release */,
			);
			defaultConfigurationIsVisible = 0;
		};
		D18643181BD6D3E600659C57 /* Build configuration list for PBXNativeTarget "mySuperMonsterTests" */ = {
			isa = XCConfigurationList;
			buildConfigurations = (
				D18643191BD6D3E600659C57 /* Debug */,
				D186431A1BD6D3E600659C57 /* Release */,
			);
			defaultConfigurationIsVisible = 0;
		};
		D186431B1BD6D3E600659C57 /* Build configuration list for PBXNativeTarget "mySuperMonsterUITests" */ = {
			isa = XCConfigurationList;
			buildConfigurations = (
				D186431C1BD6D3E600659C57 /* Debug */,
				D186431D1BD6D3E600659C57 /* Release */,
			);
			defaultConfigurationIsVisible = 0;
		};
/* End XCConfigurationList section */
	};
	rootObject = D18642E51BD6D3E500659C57 /* Project object */;
}
